
Microsoft Visual Studio Solution File, Format Version 12.00
# Visual Studio 15
VisualStudioVersion = 15.0.27428.2015
MinimumVisualStudioVersion = 10.0.40219.1
Project("{FAE04EC0-301F-11D3-BF4B-00C04F79EFBC}") = "ClientConsole", "ClientConsole\ClientConsole.csproj", "{CFCF8E76-6B0A-47AB-8092-0E0522AAFBFB}"
EndProject
Global
	GlobalSection(SolutionConfigurationPlatforms) = preSolution
		Debug|Any CPU = Debug|Any CPU
		Release|Any CPU = Release|Any CPU
	EndGlobalSection
	GlobalSection(ProjectConfigurationPlatforms) = postSolution
		{CFCF8E76-6B0A-47AB-8092-0E0522AAFBFB}.Debug|Any CPU.ActiveCfg = Debug|Any CPU
		{CFCF8E76-6B0A-47AB-8092-0E0522AAFBFB}.Debug|Any CPU.Build.0 = Debug|Any CPU
		{CFCF8E76-6B0A-47AB-8092-0E0522AAFBFB}.Release|Any CPU.ActiveCfg = Release|Any CPU
		{CFCF8E76-6B0A-47AB-8092-0E0522AAFBFB}.Release|Any CPU.Build.0 = Release|Any CPU
	EndGlobalSection
	GlobalSection(SolutionProperties) = preSolution
		HideSolutionNode = FALSE
	EndGlobalSection
	GlobalSection(ExtensibilityGlobals) = postSolution
		SolutionGuid = {EA90AE08-7882-44AE-943E-B4D51784BEEF}
	EndGlobalSection
EndGlobal
